
Microsoft Visual Studio Solution File, Format Version 12.00
# Visual Studio Version 17
VisualStudioVersion = 17.0.31903.59
MinimumVisualStudioVersion = 10.0.40219.1
Project("{FAE04EC0-301F-11D3-BF4B-00C04F79EFBC}") = "EnterpriseDynamics", "EnterpriseDynamics\EnterpriseDynamics.csproj", "{37E7BE9D-2FD6-4899-B605-8FC76C74CA08}"
EndProject
Project("{FAE04EC0-301F-11D3-BF4B-00C04F79EFBC}") = "Warehouse", "WinformsExample\Warehouse.csproj", "{96EA85E5-6C80-438F-9651-5F2E6440AE55}"
EndProject
Global
	GlobalSection(SolutionConfigurationPlatforms) = preSolution
		Debug|Any CPU = Debug|Any CPU
		Release|Any CPU = Release|Any CPU
	EndGlobalSection
	GlobalSection(ProjectConfigurationPlatforms) = postSolution
		{37E7BE9D-2FD6-4899-B605-8FC76C74CA08}.Debug|Any CPU.ActiveCfg = Debug|Any CPU
		{37E7BE9D-2FD6-4899-B605-8FC76C74CA08}.Debug|Any CPU.Build.0 = Debug|Any CPU
		{37E7BE9D-2FD6-4899-B605-8FC76C74CA08}.Release|Any CPU.ActiveCfg = Release|Any CPU
		{37E7BE9D-2FD6-4899-B605-8FC76C74CA08}.Release|Any CPU.Build.0 = Release|Any CPU
		{96EA85E5-6C80-438F-9651-5F2E6440AE55}.Debug|Any CPU.ActiveCfg = Debug|Any CPU
		{96EA85E5-6C80-438F-9651-5F2E6440AE55}.Debug|Any CPU.Build.0 = Debug|Any CPU
		{96EA85E5-6C80-438F-9651-5F2E6440AE55}.Release|Any CPU.ActiveCfg = Release|Any CPU
		{96EA85E5-6C80-438F-9651-5F2E6440AE55}.Release|Any CPU.Build.0 = Release|Any CPU
	EndGlobalSection
	GlobalSection(SolutionProperties) = preSolution
		HideSolutionNode = FALSE
	EndGlobalSection
EndGlobal
